// !$*UTF8*$!
{
	archiveVersion = 1;
	classes = {
	};
	objectVersion = 48;
	objects = {

/* Begin PBXBuildFile section */
		9AB34C70204BAA9D00201B70 /* AppDelegate.swift in Sources */ = {isa = PBXBuildFile; fileRef = 9AB34C6F204BAA9D00201B70 /* AppDelegate.swift */; };
		9AB34C77204BAA9D00201B70 /* Assets.xcassets in Resources */ = {isa = PBXBuildFile; fileRef = 9AB34C76204BAA9D00201B70 /* Assets.xcassets */; };
		9AB34C7A204BAA9D00201B70 /* LaunchScreen.storyboard in Resources */ = {isa = PBXBuildFile; fileRef = 9AB34C78204BAA9D00201B70 /* LaunchScreen.storyboard */; };
		9AB34C82204BAC9100201B70 /* TableViewController.swift in Sources */ = {isa = PBXBuildFile; fileRef = 9AB34C81204BAC9100201B70 /* TableViewController.swift */; };
		9AB34C84204BAEFA00201B70 /* DrawLineViewController.swift in Sources */ = {isa = PBXBuildFile; fileRef = 9AB34C83204BAEFA00201B70 /* DrawLineViewController.swift */; };
		9AB34C88204C473800201B70 /* DrawShapeViewController.swift in Sources */ = {isa = PBXBuildFile; fileRef = 9AB34C87204C473800201B70 /* DrawShapeViewController.swift */; };
		9AB34C8A204C491100201B70 /* DrawTextViewController.swift in Sources */ = {isa = PBXBuildFile; fileRef = 9AB34C89204C491100201B70 /* DrawTextViewController.swift */; };
/* End PBXBuildFile section */

/* Begin PBXFileReference section */
		9AB34C6C204BAA9D00201B70 /* Quartz2D.app */ = {isa = PBXFileReference; explicitFileType = wrapper.application; includeInIndex = 0; path = Quartz2D.app; sourceTree = BUILT_PRODUCTS_DIR; };
		9AB34C6F204BAA9D00201B70 /* AppDelegate.swift */ = {isa = PBXFileReference; lastKnownFileType = sourcecode.swift; path = AppDelegate.swift; sourceTree = "<group>"; };
		9AB34C76204BAA9D00201B70 /* Assets.xcassets */ = {isa = PBXFileReference; lastKnownFileType = folder.assetcatalog; path = Assets.xcassets; sourceTree = "<group>"; };
		9AB34C79204BAA9D00201B70 /* Base */ = {isa = PBXFileReference; lastKnownFileType = file.storyboard; name = Base; path = Base.lproj/LaunchScreen.storyboard; sourceTree = "<group>"; };
		9AB34C7B204BAA9D00201B70 /* Info.plist */ = {isa = PBXFileReference; lastKnownFileType = text.plist.xml; path = Info.plist; sourceTree = "<group>"; };
		9AB34C81204BAC9100201B70 /* TableViewController.swift */ = {isa = PBXFileReference; lastKnownFileType = sourcecode.swift; path = TableViewController.swift; sourceTree = "<group>"; };
		9AB34C83204BAEFA00201B70 /* DrawLineViewController.swift */ = {isa = PBXFileReference; lastKnownFileType = sourcecode.swift; path = DrawLineViewController.swift; sourceTree = "<group>"; };
		9AB34C87204C473800201B70 /* DrawShapeViewController.swift */ = {isa = PBXFileReference; lastKnownFileType = sourcecode.swift; path = DrawShapeViewController.swift; sourceTree = "<group>"; };
		9AB34C89204C491100201B70 /* DrawTextViewController.swift */ = {isa = PBXFileReference; lastKnownFileType = sourcecode.swift; path = DrawTextViewController.swift; sourceTree = "<group>"; };
/* End PBXFileReference section */

/* Begin PBXFrameworksBuildPhase section */
		9AB34C69204BAA9D00201B70 /* Frameworks */ = {
			isa = PBXFrameworksBuildPhase;
			buildActionMask = 2147483647;
			files = (
			);
			runOnlyForDeploymentPostprocessing = 0;
		};
/* End PBXFrameworksBuildPhase section */

/* Begin PBXGroup section */
		9AB34C63204BAA9D00201B70 = {
			isa = PBXGroup;
			children = (
				9AB34C6E204BAA9D00201B70 /* Quartz2D */,
				9AB34C6D204BAA9D00201B70 /* Products */,
			);
			sourceTree = "<group>";
		};
		9AB34C6D204BAA9D00201B70 /* Products */ = {
			isa = PBXGroup;
			children = (
				9AB34C6C204BAA9D00201B70 /* Quartz2D.app */,
			);
			name = Products;
			sourceTree = "<group>";
		};
		9AB34C6E204BAA9D00201B70 /* Quartz2D */ = {
			isa = PBXGroup;
			children = (
				9AB34C6F204BAA9D00201B70 /* AppDelegate.swift */,
				9AB34C81204BAC9100201B70 /* TableViewController.swift */,
				9AB34C83204BAEFA00201B70 /* DrawLineViewController.swift */,
				9AB34C87204C473800201B70 /* DrawShapeViewController.swift */,
				9AB34C89204C491100201B70 /* DrawTextViewController.swift */,
				9AB34C76204BAA9D00201B70 /* Assets.xcassets */,
				9AB34C78204BAA9D00201B70 /* LaunchScreen.storyboard */,
				9AB34C7B204BAA9D00201B70 /* Info.plist */,
			);
			path = Quartz2D;
			sourceTree = "<group>";
		};
/* End PBXGroup section */

/* Begin PBXNativeTarget section */
		9AB34C6B204BAA9D00201B70 /* Quartz2D */ = {
			isa = PBXNativeTarget;
			buildConfigurationList = 9AB34C7E204BAA9D00201B70 /* Build configuration list for PBXNativeTarget "Quartz2D" */;
			buildPhases = (
				9AB34C68204BAA9D00201B70 /* Sources */,
				9AB34C69204BAA9D00201B70 /* Frameworks */,
				9AB34C6A204BAA9D00201B70 /* Resources */,
			);
			buildRules = (
			);
			dependencies = (
			);
			name = Quartz2D;
			productName = Quartz2D;
			productReference = 9AB34C6C204BAA9D00201B70 /* Quartz2D.app */;
			productType = "com.apple.product-type.application";
		};
/* End PBXNativeTarget section */

/* Begin PBXProject section */
		9AB34C64204BAA9D00201B70 /* Project object */ = {
			isa = PBXProject;
			attributes = {
				LastSwiftUpdateCheck = 0920;
				LastUpgradeCheck = 0920;
				ORGANIZATIONNAME = leiguang;
				TargetAttributes = {
					9AB34C6B204BAA9D00201B70 = {
						CreatedOnToolsVersion = 9.2;
						ProvisioningStyle = Automatic;
					};
				};
			};
			buildConfigurationList = 9AB34C67204BAA9D00201B70 /* Build configuration list for PBXProject "Quartz2D" */;
			compatibilityVersion = "Xcode 8.0";
			developmentRegion = en;
			hasScannedForEncodings = 0;
			knownRegions = (
				en,
				Base,
			);
			mainGroup = 9AB34C63204BAA9D00201B70;
			productRefGroup = 9AB34C6D204BAA9D00201B70 /* Products */;
			projectDirPath = "";
			projectRoot = "";
			targets = (
				9AB34C6B204BAA9D00201B70 /* Quartz2D */,
			);
		};
/* End PBXProject section */

/* Begin PBXResourcesBuildPhase section */
		9AB34C6A204BAA9D00201B70 /* Resources */ = {
			isa = PBXResourcesBuildPhase;
			buildActionMask = 2147483647;
			files = (
				9AB34C7A204BAA9D00201B70 /* LaunchScreen.storyboard in Resources */,
				9AB34C77204BAA9D00201B70 /* Assets.xcassets in Resources */,
			);
			runOnlyForDeploymentPostprocessing = 0;
		};
/* End PBXResourcesBuildPhase section */

/* Begin PBXSourcesBuildPhase section */
		9AB34C68204BAA9D00201B70 /* Sources */ = {
			isa = PBXSourcesBuildPhase;
			buildActionMask = 2147483647;
			files = (
				9AB34C70204BAA9D00201B70 /* AppDelegate.swift in Sources */,
				9AB34C8A204C491100201B70 /* DrawTextViewController.swift in Sources */,
				9AB34C84204BAEFA00201B70 /* DrawLineViewController.swift in Sources */,
				9AB34C88204C473800201B70 /* DrawShapeViewController.swift in Sources */,
				9AB34C82204BAC9100201B70 /* TableViewController.swift in Sources */,
			);
			runOnlyForDeploymentPostprocessing = 0;
		};
/* End PBXSourcesBuildPhase section */

/* Begin PBXVariantGroup section */
		9AB34C78204BAA9D00201B70 /* LaunchScreen.storyboard */ = {
			isa = PBXVariantGroup;
			children = (
				9AB34C79204BAA9D00201B70 /* Base */,
			);
			name = LaunchScreen.storyboard;
			sourceTree = "<group>";
		};
/* End PBXVariantGroup section */

/* Begin XCBuildConfiguration section */
		9AB34C7C204BAA9D00201B70 /* Debug */ = {
			isa = XCBuildConfiguration;
			buildSettings = {
				ALWAYS_SEARCH_USER_PATHS = NO;
				CLANG_ANALYZER_NONNULL = YES;
				CLANG_ANALYZER_NUMBER_OBJECT_CONVERSION = YES_AGGRESSIVE;
				CLANG_CXX_LANGUAGE_STANDARD = "gnu++14";
				CLANG_CXX_LIBRARY = "libc++";
				CLANG_ENABLE_MODULES = YES;
				CLANG_ENABLE_OBJC_ARC = YES;
				CLANG_WARN_BLOCK_CAPTURE_AUTORELEASING = YES;
				CLANG_WARN_BOOL_CONVERSION = YES;
				CLANG_WARN_COMMA = YES;
				CLANG_WARN_CONSTANT_CONVERSION = YES;
				CLANG_WARN_DIRECT_OBJC_ISA_USAGE = YES_ERROR;
				CLANG_WARN_DOCUMENTATION_COMMENTS = YES;
				CLANG_WARN_EMPTY_BODY = YES;
				CLANG_WARN_ENUM_CONVERSION = YES;
				CLANG_WARN_INFINITE_RECURSION = YES;
				CLANG_WARN_INT_CONVERSION = YES;
				CLANG_WARN_NON_LITERAL_NULL_CONVERSION = YES;
				CLANG_WARN_OBJC_LITERAL_CONVERSION = YES;
				CLANG_WARN_OBJC_ROOT_CLASS = YES_ERROR;
				CLANG_WARN_RANGE_LOOP_ANALYSIS = YES;
				CLANG_WARN_STRICT_PROTOTYPES = YES;
				CLANG_WARN_SUSPICIOUS_MOVE = YES;
				CLANG_WARN_UNGUARDED_AVAILABILITY = YES_AGGRESSIVE;
				CLANG_WARN_UNREACHABLE_CODE = YES;
				CLANG_WARN__DUPLICATE_METHOD_MATCH = YES;
				CODE_SIGN_IDENTITY = "iPhone Developer";
				COPY_PHASE_STRIP = NO;
				DEBUG_INFORMATION_FORMAT = dwarf;
				ENABLE_STRICT_OBJC_MSGSEND = YES;
				ENABLE_TESTABILITY = YES;
				GCC_C_LANGUAGE_STANDARD = gnu11;
				GCC_DYNAMIC_NO_PIC = NO;
				GCC_NO_COMMON_BLOCKS = YES;
				GCC_OPTIMIZATION_LEVEL = 0;
				GCC_PREPROCESSOR_DEFINITIONS = (
					"DEBUG=1",
					"$(inherited)",
				);
				GCC_WARN_64_TO_32_BIT_CONVERSION = YES;
				GCC_WARN_ABOUT_RETURN_TYPE = YES_ERROR;
				GCC_WARN_UNDECLARED_SELECTOR = YES;
				GCC_WARN_UNINITIALIZED_AUTOS = YES_AGGRESSIVE;
				GCC_WARN_UNUSED_FUNCTION = YES;
				GCC_WARN_UNUSED_VARIABLE = YES;
				IPHONEOS_DEPLOYMENT_TARGET = 9.0;
				MTL_ENABLE_DEBUG_INFO = YES;
				ONLY_ACTIVE_ARCH = YES;
				SDKROOT = iphoneos;
				SWIFT_ACTIVE_COMPILATION_CONDITIONS = DEBUG;
				SWIFT_OPTIMIZATION_LEVEL = "-Onone";
			};
			name = Debug;
		};
		9AB34C7D204BAA9D00201B70 /* Release */ = {
			isa = XCBuildConfiguration;
			buildSettings = {
				ALWAYS_SEARCH_USER_PATHS = NO;
				CLANG_ANALYZER_NONNULL = YES;
				CLANG_ANALYZER_NUMBER_OBJECT_CONVERSION = YES_AGGRESSIVE;
				CLANG_CXX_LANGUAGE_STANDARD = "gnu++14";
				CLANG_CXX_LIBRARY = "libc++";
				CLANG_ENABLE_MODULES = YES;
				CLANG_ENABLE_OBJC_ARC = YES;
				CLANG_WARN_BLOCK_CAPTURE_AUTORELEASING = YES;
				CLANG_WARN_BOOL_CONVERSION = YES;
				CLANG_WARN_COMMA = YES;
				CLANG_WARN_CONSTANT_CONVERSION = YES;
				CLANG_WARN_DIRECT_OBJC_ISA_USAGE = YES_ERROR;
				CLANG_WARN_DOCUMENTATION_COMMENTS = YES;
				CLANG_WARN_EMPTY_BODY = YES;
				CLANG_WARN_ENUM_CONVERSION = YES;
				CLANG_WARN_INFINITE_RECURSION = YES;
				CLANG_WARN_INT_CONVERSION = YES;
				CLANG_WARN_NON_LITERAL_NULL_CONVERSION = YES;
				CLANG_WARN_OBJC_LITERAL_CONVERSION = YES;
				CLANG_WARN_OBJC_ROOT_CLASS = YES_ERROR;
				CLANG_WARN_RANGE_LOOP_ANALYSIS = YES;
				CLANG_WARN_STRICT_PROTOTYPES = YES;
				CLANG_WARN_SUSPICIOUS_MOVE = YES;
				CLANG_WARN_UNGUARDED_AVAILABILITY = YES_AGGRESSIVE;
				CLANG_WARN_UNREACHABLE_CODE = YES;
				CLANG_WARN__DUPLICATE_METHOD_MATCH = YES;
				CODE_SIGN_IDENTITY = "iPhone Developer";
				COPY_PHASE_STRIP = NO;
				DEBUG_INFORMATION_FORMAT = "dwarf-with-dsym";
				ENABLE_NS_ASSERTIONS = NO;
				ENABLE_STRICT_OBJC_MSGSEND = YES;
				GCC_C_LANGUAGE_STANDARD = gnu11;
				GCC_NO_COMMON_BLOCKS = YES;
				GCC_WARN_64_TO_32_BIT_CONVERSION = YES;
				GCC_WARN_ABOUT_RETURN_TYPE = YES_ERROR;
				GCC_WARN_UNDECLARED_SELECTOR = YES;
				GCC_WARN_UNINITIALIZED_AUTOS = YES_AGGRESSIVE;
				GCC_WARN_UNUSED_FUNCTION = YES;
				GCC_WARN_UNUSED_VARIABLE = YES;
				IPHONEOS_DEPLOYMENT_TARGET = 9.0;
				MTL_ENABLE_DEBUG_INFO = NO;
				SDKROOT = iphoneos;
				SWIFT_OPTIMIZATION_LEVEL = "-Owholemodule";
				VALIDATE_PRODUCT = YES;
			};
			name = Release;
		};
		9AB34C7F204BAA9D00201B70 /* Debug */ = {
			isa = XCBuildConfiguration;
			buildSettings = {
				ASSETCATALOG_COMPILER_APPICON_NAME = AppIcon;
				"CODE_SIGN_IDENTITY[sdk=iphoneos*]" = "iPhone Developer";
				CODE_SIGN_STYLE = Automatic;
				DEVELOPMENT_TEAM = "";
				INFOPLIST_FILE = Quartz2D/Info.plist;
				LD_RUNPATH_SEARCH_PATHS = "$(inherited) @executable_path/Frameworks";
				PRODUCT_BUNDLE_IDENTIFIER = com.leiguang.Quartz2D;
				PRODUCT_NAME = "$(TARGET_NAME)";
				PROVISIONING_PROFILE_SPECIFIER = "";
				SWIFT_VERSION = 4.0;
				TARGETED_DEVICE_FAMILY = "1,2";
			};
			name = Debug;
		};
		9AB34C80204BAA9D00201B70 /* Release */ = {
			isa = XCBuildConfiguration;
			buildSettings = {
				ASSETCATALOG_COMPILER_APPICON_NAME = AppIcon;
				"CODE_SIGN_IDENTITY[sdk=iphoneos*]" = "iPhone Developer";
				CODE_SIGN_STYLE = Automatic;
				DEVELOPMENT_TEAM = "";
				INFOPLIST_FILE = Quartz2D/Info.plist;
				LD_RUNPATH_SEARCH_PATHS = "$(inherited) @executable_path/Frameworks";
				PRODUCT_BUNDLE_IDENTIFIER = com.leiguang.Quartz2D;
				PRODUCT_NAME = "$(TARGET_NAME)";
				PROVISIONING_PROFILE_SPECIFIER = "";
				SWIFT_VERSION = 4.0;
				TARGETED_DEVICE_FAMILY = "1,2";
			};
			name = Release;
		};
/* End XCBuildConfiguration section */

/* Begin XCConfigurationList section */
		9AB34C67204BAA9D00201B70 /* Build configuration list for PBXProject "Quartz2D" */ = {
			isa = XCConfigurationList;
			buildConfigurations = (
				9AB34C7C204BAA9D00201B70 /* Debug */,
				9AB34C7D204BAA9D00201B70 /* Release */,
			);
			defaultConfigurationIsVisible = 0;
			defaultConfigurationName = Release;
		};
		9AB34C7E204BAA9D00201B70 /* Build configuration list for PBXNativeTarget "Quartz2D" */ = {
			isa = XCConfigurationList;
			buildConfigurations = (
				9AB34C7F204BAA9D00201B70 /* Debug */,
				9AB34C80204BAA9D00201B70 /* Release */,
			);
			defaultConfigurationIsVisible = 0;
			defaultConfigurationName = Release;
		};
/* End XCConfigurationList section */
	};
	rootObject = 9AB34C64204BAA9D00201B70 /* Project object */;
}
